
Microsoft Visual Studio Solution File, Format Version 12.00
# Visual Studio Version 17
VisualStudioVersion = 17.14.36616.10 d17.14
MinimumVisualStudioVersion = 10.0.40219.1
Project("{FAE04EC0-301F-11D3-BF4B-00C04F79EFBC}") = "PM-6SEM-2025", "PM-6SEM-2025\PM-6SEM-2025.csproj", "{A99BA90C-BC23-4CB1-9FFD-79C660D7BCFC}"
EndProject
Global
	GlobalSection(SolutionConfigurationPlatforms) = preSolution
		Debug|Any CPU = Debug|Any CPU
		Release|Any CPU = Release|Any CPU
	EndGlobalSection
	GlobalSection(ProjectConfigurationPlatforms) = postSolution
		{A99BA90C-BC23-4CB1-9FFD-79C660D7BCFC}.Debug|Any CPU.ActiveCfg = Debug|Any CPU
		{A99BA90C-BC23-4CB1-9FFD-79C660D7BCFC}.Debug|Any CPU.Build.0 = Debug|Any CPU
		{A99BA90C-BC23-4CB1-9FFD-79C660D7BCFC}.Release|Any CPU.ActiveCfg = Release|Any CPU
		{A99BA90C-BC23-4CB1-9FFD-79C660D7BCFC}.Release|Any CPU.Build.0 = Release|Any CPU
	EndGlobalSection
	GlobalSection(SolutionProperties) = preSolution
		HideSolutionNode = FALSE
	EndGlobalSection
	GlobalSection(ExtensibilityGlobals) = postSolution
		SolutionGuid = {761C0084-EB11-434C-A124-84C1EB5E404F}
	EndGlobalSection
EndGlobal
